
Microsoft Visual Studio Solution File, Format Version 12.00
# Visual Studio Version 16
VisualStudioVersion = 16.0.31410.357
MinimumVisualStudioVersion = 10.0.40219.1
Project("{FAE04EC0-301F-11D3-BF4B-00C04F79EFBC}") = "APIBank", "APIBank\APIBank.csproj", "{957BEAA3-C1FB-497F-8637-52E00000F7ED}"
EndProject
Global
	GlobalSection(SolutionConfigurationPlatforms) = preSolution
		Debug|Any CPU = Debug|Any CPU
		Release|Any CPU = Release|Any CPU
	EndGlobalSection
	GlobalSection(ProjectConfigurationPlatforms) = postSolution
		{957BEAA3-C1FB-497F-8637-52E00000F7ED}.Debug|Any CPU.ActiveCfg = Debug|Any CPU
		{957BEAA3-C1FB-497F-8637-52E00000F7ED}.Debug|Any CPU.Build.0 = Debug|Any CPU
		{957BEAA3-C1FB-497F-8637-52E00000F7ED}.Release|Any CPU.ActiveCfg = Release|Any CPU
		{957BEAA3-C1FB-497F-8637-52E00000F7ED}.Release|Any CPU.Build.0 = Release|Any CPU
	EndGlobalSection
	GlobalSection(SolutionProperties) = preSolution
		HideSolutionNode = FALSE
	EndGlobalSection
	GlobalSection(ExtensibilityGlobals) = postSolution
		SolutionGuid = {DB567594-1A43-4622-9EAD-399AD1FA1FE5}
	EndGlobalSection
EndGlobal
